
Microsoft Visual Studio Solution File, Format Version 12.00
# Visual Studio Version 16
VisualStudioVersion = 16.0.31515.178
MinimumVisualStudioVersion = 10.0.40219.1
Project("{FAE04EC0-301F-11D3-BF4B-00C04F79EFBC}") = "Exercise1", "Exercise1\Exercise1.csproj", "{6934D334-B4BA-4F83-A185-0A2417A5CBDD}"
EndProject
Project("{FAE04EC0-301F-11D3-BF4B-00C04F79EFBC}") = "Exercise2", "Exercise2\Exercise2.csproj", "{EAED973D-0BAC-4B95-A960-C5979C61E33D}"
EndProject
Global
	GlobalSection(SolutionConfigurationPlatforms) = preSolution
		Debug|Any CPU = Debug|Any CPU
		Release|Any CPU = Release|Any CPU
	EndGlobalSection
	GlobalSection(ProjectConfigurationPlatforms) = postSolution
		{6934D334-B4BA-4F83-A185-0A2417A5CBDD}.Debug|Any CPU.ActiveCfg = Debug|Any CPU
		{6934D334-B4BA-4F83-A185-0A2417A5CBDD}.Debug|Any CPU.Build.0 = Debug|Any CPU
		{6934D334-B4BA-4F83-A185-0A2417A5CBDD}.Release|Any CPU.ActiveCfg = Release|Any CPU
		{6934D334-B4BA-4F83-A185-0A2417A5CBDD}.Release|Any CPU.Build.0 = Release|Any CPU
		{EAED973D-0BAC-4B95-A960-C5979C61E33D}.Debug|Any CPU.ActiveCfg = Debug|Any CPU
		{EAED973D-0BAC-4B95-A960-C5979C61E33D}.Debug|Any CPU.Build.0 = Debug|Any CPU
		{EAED973D-0BAC-4B95-A960-C5979C61E33D}.Release|Any CPU.ActiveCfg = Release|Any CPU
		{EAED973D-0BAC-4B95-A960-C5979C61E33D}.Release|Any CPU.Build.0 = Release|Any CPU
	EndGlobalSection
	GlobalSection(SolutionProperties) = preSolution
		HideSolutionNode = FALSE
	EndGlobalSection
	GlobalSection(ExtensibilityGlobals) = postSolution
		SolutionGuid = {9539F0E6-9C62-4CE4-AEDB-7F186976633E}
	EndGlobalSection
EndGlobal
